// !$*UTF8*$!
{
	archiveVersion = 1;
	classes = {
	};
	objectVersion = 46;
	objects = {

/* Begin PBXBuildFile section */
		1F78AA5D0AC2FCE6C829E226 /* Pods_PlateMath.framework in Frameworks */ = {isa = PBXBuildFile; fileRef = 7E28B6E5709EF63D43A0A6D1 /* Pods_PlateMath.framework */; };
		FD35F42A1C90E5EA00C68764 /* Incrementer.swift in Sources */ = {isa = PBXBuildFile; fileRef = FD35F4291C90E5EA00C68764 /* Incrementer.swift */; };
		FD3812F01C90DDE800D3F4D9 /* AppDelegate.swift in Sources */ = {isa = PBXBuildFile; fileRef = FD3812EF1C90DDE800D3F4D9 /* AppDelegate.swift */; };
		FD3812F21C90DDE800D3F4D9 /* ViewController.swift in Sources */ = {isa = PBXBuildFile; fileRef = FD3812F11C90DDE800D3F4D9 /* ViewController.swift */; };
		FD3812F51C90DDE800D3F4D9 /* Main.storyboard in Resources */ = {isa = PBXBuildFile; fileRef = FD3812F31C90DDE800D3F4D9 /* Main.storyboard */; };
		FD3812F71C90DDE800D3F4D9 /* Assets.xcassets in Resources */ = {isa = PBXBuildFile; fileRef = FD3812F61C90DDE800D3F4D9 /* Assets.xcassets */; };
		FD3812FA1C90DDE800D3F4D9 /* LaunchScreen.storyboard in Resources */ = {isa = PBXBuildFile; fileRef = FD3812F81C90DDE800D3F4D9 /* LaunchScreen.storyboard */; };
		FD3813051C90DDE800D3F4D9 /* PlateMathTests.swift in Sources */ = {isa = PBXBuildFile; fileRef = FD3813041C90DDE800D3F4D9 /* PlateMathTests.swift */; };
		FD3813101C90DDE800D3F4D9 /* PlateMathUITests.swift in Sources */ = {isa = PBXBuildFile; fileRef = FD38130F1C90DDE800D3F4D9 /* PlateMathUITests.swift */; };
/* End PBXBuildFile section */

/* Begin PBXContainerItemProxy section */
		FD3813011C90DDE800D3F4D9 /* PBXContainerItemProxy */ = {
			isa = PBXContainerItemProxy;
			containerPortal = FD3812E41C90DDE800D3F4D9 /* Project object */;
			proxyType = 1;
			remoteGlobalIDString = FD3812EB1C90DDE800D3F4D9;
			remoteInfo = PlateMath;
		};
		FD38130C1C90DDE800D3F4D9 /* PBXContainerItemProxy */ = {
			isa = PBXContainerItemProxy;
			containerPortal = FD3812E41C90DDE800D3F4D9 /* Project object */;
			proxyType = 1;
			remoteGlobalIDString = FD3812EB1C90DDE800D3F4D9;
			remoteInfo = PlateMath;
		};
/* End PBXContainerItemProxy section */

/* Begin PBXFileReference section */
		7E28B6E5709EF63D43A0A6D1 /* Pods_PlateMath.framework */ = {isa = PBXFileReference; explicitFileType = wrapper.framework; includeInIndex = 0; path = Pods_PlateMath.framework; sourceTree = BUILT_PRODUCTS_DIR; };
		A240E20C2846057F669188A5 /* Pods-PlateMath.debug.xcconfig */ = {isa = PBXFileReference; includeInIndex = 1; lastKnownFileType = text.xcconfig; name = "Pods-PlateMath.debug.xcconfig"; path = "Pods/Target Support Files/Pods-PlateMath/Pods-PlateMath.debug.xcconfig"; sourceTree = "<group>"; };
		BE8B7BACFC9DED73DC8BC4DF /* Pods-PlateMath.release.xcconfig */ = {isa = PBXFileReference; includeInIndex = 1; lastKnownFileType = text.xcconfig; name = "Pods-PlateMath.release.xcconfig"; path = "Pods/Target Support Files/Pods-PlateMath/Pods-PlateMath.release.xcconfig"; sourceTree = "<group>"; };
		FD35F4291C90E5EA00C68764 /* Incrementer.swift */ = {isa = PBXFileReference; fileEncoding = 4; lastKnownFileType = sourcecode.swift; name = Incrementer.swift; path = Views/Incrementer.swift; sourceTree = "<group>"; };
		FD3812EC1C90DDE800D3F4D9 /* PlateMath.app */ = {isa = PBXFileReference; explicitFileType = wrapper.application; includeInIndex = 0; path = PlateMath.app; sourceTree = BUILT_PRODUCTS_DIR; };
		FD3812EF1C90DDE800D3F4D9 /* AppDelegate.swift */ = {isa = PBXFileReference; lastKnownFileType = sourcecode.swift; path = AppDelegate.swift; sourceTree = "<group>"; };
		FD3812F11C90DDE800D3F4D9 /* ViewController.swift */ = {isa = PBXFileReference; lastKnownFileType = sourcecode.swift; path = ViewController.swift; sourceTree = "<group>"; };
		FD3812F41C90DDE800D3F4D9 /* Base */ = {isa = PBXFileReference; lastKnownFileType = file.storyboard; name = Base; path = Base.lproj/Main.storyboard; sourceTree = "<group>"; };
		FD3812F61C90DDE800D3F4D9 /* Assets.xcassets */ = {isa = PBXFileReference; lastKnownFileType = folder.assetcatalog; path = Assets.xcassets; sourceTree = "<group>"; };
		FD3812F91C90DDE800D3F4D9 /* Base */ = {isa = PBXFileReference; lastKnownFileType = file.storyboard; name = Base; path = Base.lproj/LaunchScreen.storyboard; sourceTree = "<group>"; };
		FD3812FB1C90DDE800D3F4D9 /* Info.plist */ = {isa = PBXFileReference; lastKnownFileType = text.plist.xml; path = Info.plist; sourceTree = "<group>"; };
		FD3813001C90DDE800D3F4D9 /* PlateMathTests.xctest */ = {isa = PBXFileReference; explicitFileType = wrapper.cfbundle; includeInIndex = 0; path = PlateMathTests.xctest; sourceTree = BUILT_PRODUCTS_DIR; };
		FD3813041C90DDE800D3F4D9 /* PlateMathTests.swift */ = {isa = PBXFileReference; lastKnownFileType = sourcecode.swift; path = PlateMathTests.swift; sourceTree = "<group>"; };
		FD3813061C90DDE800D3F4D9 /* Info.plist */ = {isa = PBXFileReference; lastKnownFileType = text.plist.xml; path = Info.plist; sourceTree = "<group>"; };
		FD38130B1C90DDE800D3F4D9 /* PlateMathUITests.xctest */ = {isa = PBXFileReference; explicitFileType = wrapper.cfbundle; includeInIndex = 0; path = PlateMathUITests.xctest; sourceTree = BUILT_PRODUCTS_DIR; };
		FD38130F1C90DDE800D3F4D9 /* PlateMathUITests.swift */ = {isa = PBXFileReference; lastKnownFileType = sourcecode.swift; path = PlateMathUITests.swift; sourceTree = "<group>"; };
		FD3813111C90DDE800D3F4D9 /* Info.plist */ = {isa = PBXFileReference; lastKnownFileType = text.plist.xml; path = Info.plist; sourceTree = "<group>"; };
/* End PBXFileReference section */

/* Begin PBXFrameworksBuildPhase section */
		FD3812E91C90DDE800D3F4D9 /* Frameworks */ = {
			isa = PBXFrameworksBuildPhase;
			buildActionMask = 2147483647;
			files = (
				1F78AA5D0AC2FCE6C829E226 /* Pods_PlateMath.framework in Frameworks */,
			);
			runOnlyForDeploymentPostprocessing = 0;
		};
		FD3812FD1C90DDE800D3F4D9 /* Frameworks */ = {
			isa = PBXFrameworksBuildPhase;
			buildActionMask = 2147483647;
			files = (
			);
			runOnlyForDeploymentPostprocessing = 0;
		};
		FD3813081C90DDE800D3F4D9 /* Frameworks */ = {
			isa = PBXFrameworksBuildPhase;
			buildActionMask = 2147483647;
			files = (
			);
			runOnlyForDeploymentPostprocessing = 0;
		};
/* End PBXFrameworksBuildPhase section */

/* Begin PBXGroup section */
		3CC7DBA68E29592123E4DD6F /* Frameworks */ = {
			isa = PBXGroup;
			children = (
				7E28B6E5709EF63D43A0A6D1 /* Pods_PlateMath.framework */,
			);
			name = Frameworks;
			sourceTree = "<group>";
		};
		F620EFC2DA06D9C082BBB76C /* Pods */ = {
			isa = PBXGroup;
			children = (
				A240E20C2846057F669188A5 /* Pods-PlateMath.debug.xcconfig */,
				BE8B7BACFC9DED73DC8BC4DF /* Pods-PlateMath.release.xcconfig */,
			);
			name = Pods;
			sourceTree = "<group>";
		};
		FD3812E31C90DDE800D3F4D9 = {
			isa = PBXGroup;
			children = (
				FD3812EE1C90DDE800D3F4D9 /* PlateMath */,
				FD3813031C90DDE800D3F4D9 /* PlateMathTests */,
				FD38130E1C90DDE800D3F4D9 /* PlateMathUITests */,
				FD3812ED1C90DDE800D3F4D9 /* Products */,
				F620EFC2DA06D9C082BBB76C /* Pods */,
				3CC7DBA68E29592123E4DD6F /* Frameworks */,
			);
			sourceTree = "<group>";
		};
		FD3812ED1C90DDE800D3F4D9 /* Products */ = {
			isa = PBXGroup;
			children = (
				FD3812EC1C90DDE800D3F4D9 /* PlateMath.app */,
				FD3813001C90DDE800D3F4D9 /* PlateMathTests.xctest */,
				FD38130B1C90DDE800D3F4D9 /* PlateMathUITests.xctest */,
			);
			name = Products;
			sourceTree = "<group>";
		};
		FD3812EE1C90DDE800D3F4D9 /* PlateMath */ = {
			isa = PBXGroup;
			children = (
				FD3812EF1C90DDE800D3F4D9 /* AppDelegate.swift */,
				FD3812F11C90DDE800D3F4D9 /* ViewController.swift */,
				FD3812F31C90DDE800D3F4D9 /* Main.storyboard */,
				FD3812F61C90DDE800D3F4D9 /* Assets.xcassets */,
				FD3812F81C90DDE800D3F4D9 /* LaunchScreen.storyboard */,
				FD3812FB1C90DDE800D3F4D9 /* Info.plist */,
				FD35F4291C90E5EA00C68764 /* Incrementer.swift */,
			);
			path = PlateMath;
			sourceTree = "<group>";
		};
		FD3813031C90DDE800D3F4D9 /* PlateMathTests */ = {
			isa = PBXGroup;
			children = (
				FD3813041C90DDE800D3F4D9 /* PlateMathTests.swift */,
				FD3813061C90DDE800D3F4D9 /* Info.plist */,
			);
			path = PlateMathTests;
			sourceTree = "<group>";
		};
		FD38130E1C90DDE800D3F4D9 /* PlateMathUITests */ = {
			isa = PBXGroup;
			children = (
				FD38130F1C90DDE800D3F4D9 /* PlateMathUITests.swift */,
				FD3813111C90DDE800D3F4D9 /* Info.plist */,
			);
			path = PlateMathUITests;
			sourceTree = "<group>";
		};
/* End PBXGroup section */

/* Begin PBXNativeTarget section */
		FD3812EB1C90DDE800D3F4D9 /* PlateMath */ = {
			isa = PBXNativeTarget;
			buildConfigurationList = FD3813141C90DDE800D3F4D9 /* Build configuration list for PBXNativeTarget "PlateMath" */;
			buildPhases = (
				B26A3B5FD2AE9FA5D4B08F01 /* Check Pods Manifest.lock */,
				FD3812E81C90DDE800D3F4D9 /* Sources */,
				FD3812E91C90DDE800D3F4D9 /* Frameworks */,
				FD3812EA1C90DDE800D3F4D9 /* Resources */,
				3AF7B10DAA2B493EBD1C7FE3 /* Embed Pods Frameworks */,
				612B4FAE52E5C1BCAE1591AE /* Copy Pods Resources */,
			);
			buildRules = (
			);
			dependencies = (
			);
			name = PlateMath;
			productName = PlateMath;
			productReference = FD3812EC1C90DDE800D3F4D9 /* PlateMath.app */;
			productType = "com.apple.product-type.application";
		};
		FD3812FF1C90DDE800D3F4D9 /* PlateMathTests */ = {
			isa = PBXNativeTarget;
			buildConfigurationList = FD3813171C90DDE800D3F4D9 /* Build configuration list for PBXNativeTarget "PlateMathTests" */;
			buildPhases = (
				FD3812FC1C90DDE800D3F4D9 /* Sources */,
				FD3812FD1C90DDE800D3F4D9 /* Frameworks */,
				FD3812FE1C90DDE800D3F4D9 /* Resources */,
			);
			buildRules = (
			);
			dependencies = (
				FD3813021C90DDE800D3F4D9 /* PBXTargetDependency */,
			);
			name = PlateMathTests;
			productName = PlateMathTests;
			productReference = FD3813001C90DDE800D3F4D9 /* PlateMathTests.xctest */;
			productType = "com.apple.product-type.bundle.unit-test";
		};
		FD38130A1C90DDE800D3F4D9 /* PlateMathUITests */ = {
			isa = PBXNativeTarget;
			buildConfigurationList = FD38131A1C90DDE800D3F4D9 /* Build configuration list for PBXNativeTarget "PlateMathUITests" */;
			buildPhases = (
				FD3813071C90DDE800D3F4D9 /* Sources */,
				FD3813081C90DDE800D3F4D9 /* Frameworks */,
				FD3813091C90DDE800D3F4D9 /* Resources */,
			);
			buildRules = (
			);
			dependencies = (
				FD38130D1C90DDE800D3F4D9 /* PBXTargetDependency */,
			);
			name = PlateMathUITests;
			productName = PlateMathUITests;
			productReference = FD38130B1C90DDE800D3F4D9 /* PlateMathUITests.xctest */;
			productType = "com.apple.product-type.bundle.ui-testing";
		};
/* End PBXNativeTarget section */

/* Begin PBXProject section */
		FD3812E41C90DDE800D3F4D9 /* Project object */ = {
			isa = PBXProject;
			attributes = {
				LastSwiftUpdateCheck = 0720;
				LastUpgradeCheck = 0720;
				ORGANIZATIONNAME = "Michael Berkowitz";
				TargetAttributes = {
					FD3812EB1C90DDE800D3F4D9 = {
						CreatedOnToolsVersion = 7.2.1;
					};
					FD3812FF1C90DDE800D3F4D9 = {
						CreatedOnToolsVersion = 7.2.1;
						TestTargetID = FD3812EB1C90DDE800D3F4D9;
					};
					FD38130A1C90DDE800D3F4D9 = {
						CreatedOnToolsVersion = 7.2.1;
						TestTargetID = FD3812EB1C90DDE800D3F4D9;
					};
				};
			};
			buildConfigurationList = FD3812E71C90DDE800D3F4D9 /* Build configuration list for PBXProject "PlateMath" */;
			compatibilityVersion = "Xcode 3.2";
			developmentRegion = English;
			hasScannedForEncodings = 0;
			knownRegions = (
				en,
				Base,
			);
			mainGroup = FD3812E31C90DDE800D3F4D9;
			productRefGroup = FD3812ED1C90DDE800D3F4D9 /* Products */;
			projectDirPath = "";
			projectRoot = "";
			targets = (
				FD3812EB1C90DDE800D3F4D9 /* PlateMath */,
				FD3812FF1C90DDE800D3F4D9 /* PlateMathTests */,
				FD38130A1C90DDE800D3F4D9 /* PlateMathUITests */,
			);
		};
/* End PBXProject section */

/* Begin PBXResourcesBuildPhase section */
		FD3812EA1C90DDE800D3F4D9 /* Resources */ = {
			isa = PBXResourcesBuildPhase;
			buildActionMask = 2147483647;
			files = (
				FD3812FA1C90DDE800D3F4D9 /* LaunchScreen.storyboard in Resources */,
				FD3812F71C90DDE800D3F4D9 /* Assets.xcassets in Resources */,
				FD3812F51C90DDE800D3F4D9 /* Main.storyboard in Resources */,
			);
			runOnlyForDeploymentPostprocessing = 0;
		};
		FD3812FE1C90DDE800D3F4D9 /* Resources */ = {
			isa = PBXResourcesBuildPhase;
			buildActionMask = 2147483647;
			files = (
			);
			runOnlyForDeploymentPostprocessing = 0;
		};
		FD3813091C90DDE800D3F4D9 /* Resources */ = {
			isa = PBXResourcesBuildPhase;
			buildActionMask = 2147483647;
			files = (
			);
			runOnlyForDeploymentPostprocessing = 0;
		};
/* End PBXResourcesBuildPhase section */

/* Begin PBXShellScriptBuildPhase section */
		3AF7B10DAA2B493EBD1C7FE3 /* Embed Pods Frameworks */ = {
			isa = PBXShellScriptBuildPhase;
			buildActionMask = 2147483647;
			files = (
			);
			inputPaths = (
			);
			name = "Embed Pods Frameworks";
			outputPaths = (
			);
			runOnlyForDeploymentPostprocessing = 0;
			shellPath = /bin/sh;
			shellScript = "\"${SRCROOT}/Pods/Target Support Files/Pods-PlateMath/Pods-PlateMath-frameworks.sh\"\n";
			showEnvVarsInLog = 0;
		};
		612B4FAE52E5C1BCAE1591AE /* Copy Pods Resources */ = {
			isa = PBXShellScriptBuildPhase;
			buildActionMask = 2147483647;
			files = (
			);
			inputPaths = (
			);
			name = "Copy Pods Resources";
			outputPaths = (
			);
			runOnlyForDeploymentPostprocessing = 0;
			shellPath = /bin/sh;
			shellScript = "\"${SRCROOT}/Pods/Target Support Files/Pods-PlateMath/Pods-PlateMath-resources.sh\"\n";
			showEnvVarsInLog = 0;
		};
		B26A3B5FD2AE9FA5D4B08F01 /* Check Pods Manifest.lock */ = {
			isa = PBXShellScriptBuildPhase;
			buildActionMask = 2147483647;
			files = (
			);
			inputPaths = (
			);
			name = "Check Pods Manifest.lock";
			outputPaths = (
			);
			runOnlyForDeploymentPostprocessing = 0;
			shellPath = /bin/sh;
			shellScript = "diff \"${PODS_ROOT}/../Podfile.lock\" \"${PODS_ROOT}/Manifest.lock\" > /dev/null\nif [[ $? != 0 ]] ; then\n    cat << EOM\nerror: The sandbox is not in sync with the Podfile.lock. Run 'pod install' or update your CocoaPods installation.\nEOM\n    exit 1\nfi\n";
			showEnvVarsInLog = 0;
		};
/* End PBXShellScriptBuildPhase section */

/* Begin PBXSourcesBuildPhase section */
		FD3812E81C90DDE800D3F4D9 /* Sources */ = {
			isa = PBXSourcesBuildPhase;
			buildActionMask = 2147483647;
			files = (
				FD3812F21C90DDE800D3F4D9 /* ViewController.swift in Sources */,
				FD35F42A1C90E5EA00C68764 /* Incrementer.swift in Sources */,
				FD3812F01C90DDE800D3F4D9 /* AppDelegate.swift in Sources */,
			);
			runOnlyForDeploymentPostprocessing = 0;
		};
		FD3812FC1C90DDE800D3F4D9 /* Sources */ = {
			isa = PBXSourcesBuildPhase;
			buildActionMask = 2147483647;
			files = (
				FD3813051C90DDE800D3F4D9 /* PlateMathTests.swift in Sources */,
			);
			runOnlyForDeploymentPostprocessing = 0;
		};
		FD3813071C90DDE800D3F4D9 /* Sources */ = {
			isa = PBXSourcesBuildPhase;
			buildActionMask = 2147483647;
			files = (
				FD3813101C90DDE800D3F4D9 /* PlateMathUITests.swift in Sources */,
			);
			runOnlyForDeploymentPostprocessing = 0;
		};
/* End PBXSourcesBuildPhase section */

/* Begin PBXTargetDependency section */
		FD3813021C90DDE800D3F4D9 /* PBXTargetDependency */ = {
			isa = PBXTargetDependency;
			target = FD3812EB1C90DDE800D3F4D9 /* PlateMath */;
			targetProxy = FD3813011C90DDE800D3F4D9 /* PBXContainerItemProxy */;
		};
		FD38130D1C90DDE800D3F4D9 /* PBXTargetDependency */ = {
			isa = PBXTargetDependency;
			target = FD3812EB1C90DDE800D3F4D9 /* PlateMath */;
			targetProxy = FD38130C1C90DDE800D3F4D9 /* PBXContainerItemProxy */;
		};
/* End PBXTargetDependency section */

/* Begin PBXVariantGroup section */
		FD3812F31C90DDE800D3F4D9 /* Main.storyboard */ = {
			isa = PBXVariantGroup;
			children = (
				FD3812F41C90DDE800D3F4D9 /* Base */,
			);
			name = Main.storyboard;
			sourceTree = "<group>";
		};
		FD3812F81C90DDE800D3F4D9 /* LaunchScreen.storyboard */ = {
			isa = PBXVariantGroup;
			children = (
				FD3812F91C90DDE800D3F4D9 /* Base */,
			);
			name = LaunchScreen.storyboard;
			sourceTree = "<group>";
		};
/* End PBXVariantGroup section */

/* Begin XCBuildConfiguration section */
		FD3813121C90DDE800D3F4D9 /* Debug */ = {
			isa = XCBuildConfiguration;
			buildSettings = {
				ALWAYS_SEARCH_USER_PATHS = NO;
				CLANG_CXX_LANGUAGE_STANDARD = "gnu++0x";
				CLANG_CXX_LIBRARY = "libc++";
				CLANG_ENABLE_MODULES = YES;
				CLANG_ENABLE_OBJC_ARC = YES;
				CLANG_WARN_BOOL_CONVERSION = YES;
				CLANG_WARN_CONSTANT_CONVERSION = YES;
				CLANG_WARN_DIRECT_OBJC_ISA_USAGE = YES_ERROR;
				CLANG_WARN_EMPTY_BODY = YES;
				CLANG_WARN_ENUM_CONVERSION = YES;
				CLANG_WARN_INT_CONVERSION = YES;
				CLANG_WARN_OBJC_ROOT_CLASS = YES_ERROR;
				CLANG_WARN_UNREACHABLE_CODE = YES;
				CLANG_WARN__DUPLICATE_METHOD_MATCH = YES;
				"CODE_SIGN_IDENTITY[sdk=iphoneos*]" = "iPhone Developer";
				COPY_PHASE_STRIP = NO;
				DEBUG_INFORMATION_FORMAT = dwarf;
				ENABLE_STRICT_OBJC_MSGSEND = YES;
				ENABLE_TESTABILITY = YES;
				GCC_C_LANGUAGE_STANDARD = gnu99;
				GCC_DYNAMIC_NO_PIC = NO;
				GCC_NO_COMMON_BLOCKS = YES;
				GCC_OPTIMIZATION_LEVEL = 0;
				GCC_PREPROCESSOR_DEFINITIONS = (
					"DEBUG=1",
					"$(inherited)",
				);
				GCC_WARN_64_TO_32_BIT_CONVERSION = YES;
				GCC_WARN_ABOUT_RETURN_TYPE = YES_ERROR;
				GCC_WARN_UNDECLARED_SELECTOR = YES;
				GCC_WARN_UNINITIALIZED_AUTOS = YES_AGGRESSIVE;
				GCC_WARN_UNUSED_FUNCTION = YES;
				GCC_WARN_UNUSED_VARIABLE = YES;
				IPHONEOS_DEPLOYMENT_TARGET = 9.2;
				MTL_ENABLE_DEBUG_INFO = YES;
				ONLY_ACTIVE_ARCH = YES;
				SDKROOT = iphoneos;
				SWIFT_OPTIMIZATION_LEVEL = "-Onone";
				TARGETED_DEVICE_FAMILY = "1,2";
			};
			name = Debug;
		};
		FD3813131C90DDE800D3F4D9 /* Release */ = {
			isa = XCBuildConfiguration;
			buildSettings = {
				ALWAYS_SEARCH_USER_PATHS = NO;
				CLANG_CXX_LANGUAGE_STANDARD = "gnu++0x";
				CLANG_CXX_LIBRARY = "libc++";
				CLANG_ENABLE_MODULES = YES;
				CLANG_ENABLE_OBJC_ARC = YES;
				CLANG_WARN_BOOL_CONVERSION = YES;
				CLANG_WARN_CONSTANT_CONVERSION = YES;
				CLANG_WARN_DIRECT_OBJC_ISA_USAGE = YES_ERROR;
				CLANG_WARN_EMPTY_BODY = YES;
				CLANG_WARN_ENUM_CONVERSION = YES;
				CLANG_WARN_INT_CONVERSION = YES;
				CLANG_WARN_OBJC_ROOT_CLASS = YES_ERROR;
				CLANG_WARN_UNREACHABLE_CODE = YES;
				CLANG_WARN__DUPLICATE_METHOD_MATCH = YES;
				"CODE_SIGN_IDENTITY[sdk=iphoneos*]" = "iPhone Developer";
				COPY_PHASE_STRIP = NO;
				DEBUG_INFORMATION_FORMAT = "dwarf-with-dsym";
				ENABLE_NS_ASSERTIONS = NO;
				ENABLE_STRICT_OBJC_MSGSEND = YES;
				GCC_C_LANGUAGE_STANDARD = gnu99;
				GCC_NO_COMMON_BLOCKS = YES;
				GCC_WARN_64_TO_32_BIT_CONVERSION = YES;
				GCC_WARN_ABOUT_RETURN_TYPE = YES_ERROR;
				GCC_WARN_UNDECLARED_SELECTOR = YES;
				GCC_WARN_UNINITIALIZED_AUTOS = YES_AGGRESSIVE;
				GCC_WARN_UNUSED_FUNCTION = YES;
				GCC_WARN_UNUSED_VARIABLE = YES;
				IPHONEOS_DEPLOYMENT_TARGET = 9.2;
				MTL_ENABLE_DEBUG_INFO = NO;
				SDKROOT = iphoneos;
				TARGETED_DEVICE_FAMILY = "1,2";
				VALIDATE_PRODUCT = YES;
			};
			name = Release;
		};
		FD3813151C90DDE800D3F4D9 /* Debug */ = {
			isa = XCBuildConfiguration;
			baseConfigurationReference = A240E20C2846057F669188A5 /* Pods-PlateMath.debug.xcconfig */;
			buildSettings = {
				ASSETCATALOG_COMPILER_APPICON_NAME = AppIcon;
				INFOPLIST_FILE = PlateMath/Info.plist;
				LD_RUNPATH_SEARCH_PATHS = "$(inherited) @executable_path/Frameworks";
				PRODUCT_BUNDLE_IDENTIFIER = com.songsaboutsnow.PlateMath;
				PRODUCT_NAME = "$(TARGET_NAME)";
			};
			name = Debug;
		};
		FD3813161C90DDE800D3F4D9 /* Release */ = {
			isa = XCBuildConfiguration;
			baseConfigurationReference = BE8B7BACFC9DED73DC8BC4DF /* Pods-PlateMath.release.xcconfig */;
			buildSettings = {
				ASSETCATALOG_COMPILER_APPICON_NAME = AppIcon;
				INFOPLIST_FILE = PlateMath/Info.plist;
				LD_RUNPATH_SEARCH_PATHS = "$(inherited) @executable_path/Frameworks";
				PRODUCT_BUNDLE_IDENTIFIER = com.songsaboutsnow.PlateMath;
				PRODUCT_NAME = "$(TARGET_NAME)";
			};
			name = Release;
		};
		FD3813181C90DDE800D3F4D9 /* Debug */ = {
			isa = XCBuildConfiguration;
			buildSettings = {
				BUNDLE_LOADER = "$(TEST_HOST)";
				INFOPLIST_FILE = PlateMathTests/Info.plist;
				LD_RUNPATH_SEARCH_PATHS = "$(inherited) @executable_path/Frameworks @loader_path/Frameworks";
				PRODUCT_BUNDLE_IDENTIFIER = com.songsaboutsnow.PlateMathTests;
				PRODUCT_NAME = "$(TARGET_NAME)";
				TEST_HOST = "$(BUILT_PRODUCTS_DIR)/PlateMath.app/PlateMath";
			};
			name = Debug;
		};
		FD3813191C90DDE800D3F4D9 /* Release */ = {
			isa = XCBuildConfiguration;
			buildSettings = {
				BUNDLE_LOADER = "$(TEST_HOST)";
				INFOPLIST_FILE = PlateMathTests/Info.plist;
				LD_RUNPATH_SEARCH_PATHS = "$(inherited) @executable_path/Frameworks @loader_path/Frameworks";
				PRODUCT_BUNDLE_IDENTIFIER = com.songsaboutsnow.PlateMathTests;
				PRODUCT_NAME = "$(TARGET_NAME)";
				TEST_HOST = "$(BUILT_PRODUCTS_DIR)/PlateMath.app/PlateMath";
			};
			name = Release;
		};
		FD38131B1C90DDE800D3F4D9 /* Debug */ = {
			isa = XCBuildConfiguration;
			buildSettings = {
				INFOPLIST_FILE = PlateMathUITests/Info.plist;
				LD_RUNPATH_SEARCH_PATHS = "$(inherited) @executable_path/Frameworks @loader_path/Frameworks";
				PRODUCT_BUNDLE_IDENTIFIER = com.songsaboutsnow.PlateMathUITests;
				PRODUCT_NAME = "$(TARGET_NAME)";
				TEST_TARGET_NAME = PlateMath;
				USES_XCTRUNNER = YES;
			};
			name = Debug;
		};
		FD38131C1C90DDE800D3F4D9 /* Release */ = {
			isa = XCBuildConfiguration;
			buildSettings = {
				INFOPLIST_FILE = PlateMathUITests/Info.plist;
				LD_RUNPATH_SEARCH_PATHS = "$(inherited) @executable_path/Frameworks @loader_path/Frameworks";
				PRODUCT_BUNDLE_IDENTIFIER = com.songsaboutsnow.PlateMathUITests;
				PRODUCT_NAME = "$(TARGET_NAME)";
				TEST_TARGET_NAME = PlateMath;
				USES_XCTRUNNER = YES;
			};
			name = Release;
		};
/* End XCBuildConfiguration section */

/* Begin XCConfigurationList section */
		FD3812E71C90DDE800D3F4D9 /* Build configuration list for PBXProject "PlateMath" */ = {
			isa = XCConfigurationList;
			buildConfigurations = (
				FD3813121C90DDE800D3F4D9 /* Debug */,
				FD3813131C90DDE800D3F4D9 /* Release */,
			);
			defaultConfigurationIsVisible = 0;
			defaultConfigurationName = Release;
		};
		FD3813141C90DDE800D3F4D9 /* Build configuration list for PBXNativeTarget "PlateMath" */ = {
			isa = XCConfigurationList;
			buildConfigurations = (
				FD3813151C90DDE800D3F4D9 /* Debug */,
				FD3813161C90DDE800D3F4D9 /* Release */,
			);
			defaultConfigurationIsVisible = 0;
			defaultConfigurationName = Release;
		};
		FD3813171C90DDE800D3F4D9 /* Build configuration list for PBXNativeTarget "PlateMathTests" */ = {
			isa = XCConfigurationList;
			buildConfigurations = (
				FD3813181C90DDE800D3F4D9 /* Debug */,
				FD3813191C90DDE800D3F4D9 /* Release */,
			);
			defaultConfigurationIsVisible = 0;
			defaultConfigurationName = Release;
		};
		FD38131A1C90DDE800D3F4D9 /* Build configuration list for PBXNativeTarget "PlateMathUITests" */ = {
			isa = XCConfigurationList;
			buildConfigurations = (
				FD38131B1C90DDE800D3F4D9 /* Debug */,
				FD38131C1C90DDE800D3F4D9 /* Release */,
			);
			defaultConfigurationIsVisible = 0;
			defaultConfigurationName = Release;
		};
/* End XCConfigurationList section */
	};
	rootObject = FD3812E41C90DDE800D3F4D9 /* Project object */;
}
